{
  "nodes": {
    "clash-compiler": {
      "flake": false,
      "locked": {
        "lastModified": 1672920911,
        "narHash": "sha256-AraLYz8OQgDNTQ9V9D1HVOiI8nnna661xxO5qeB0qgc=",
        "owner": "clash-lang",
        "repo": "clash-compiler",
        "rev": "53d32a6b063f17c8f3e637582624d3804c95a7cd",
        "type": "github"
      },
      "original": {
        "owner": "clash-lang",
        "repo": "clash-compiler",
        "type": "github"
      }
    },
    "clash-wavedrom": {
      "flake": false,
      "locked": {
        "lastModified": 1621078187,
        "narHash": "sha256-D5/DvjuhgmnTbxeXbakMFAwusDL+KR7Rd3UVH6p91lM=",
        "owner": "expipiplus1",
        "repo": "clash-wavedrom",
        "rev": "f2cec861ff227ad574c0b4e7208cf72f9964b3f3",
        "type": "github"
      },
      "original": {
        "owner": "expipiplus1",
        "repo": "clash-wavedrom",
        "type": "github"
      }
    },
    "flake-compat": {
      "flake": false,
      "locked": {
        "lastModified": 1668681692,
        "narHash": "sha256-Ht91NGdewz8IQLtWZ9LCeNXMSXHUss+9COoqu6JLmXU=",
        "owner": "edolstra",
        "repo": "flake-compat",
        "rev": "009399224d5e398d03b22badca40a37ac85412a1",
        "type": "github"
      },
      "original": {
        "owner": "edolstra",
        "repo": "flake-compat",
        "type": "github"
      }
    },
    "flake-utils": {
      "locked": {
        "lastModified": 1667395993,
        "narHash": "sha256-nuEHfE/LcWyuSWnS8t12N1wc105Qtau+/OdUAjtQ0rA=",
        "owner": "numtide",
        "repo": "flake-utils",
        "rev": "5aed5285a952e0b949eb3ba02c12fa4fcfef535f",
        "type": "github"
      },
      "original": {
        "owner": "numtide",
        "repo": "flake-utils",
        "type": "github"
      }
    },
    "nix-filter": {
      "locked": {
        "lastModified": 1666547822,
        "narHash": "sha256-razwnAybPHyoAyhkKCwXdxihIqJi1G6e1XP4FQOJTEs=",
        "owner": "numtide",
        "repo": "nix-filter",
        "rev": "1a3b735e13e90a8d2fd5629f2f8363bd7ffbbec7",
        "type": "github"
      },
      "original": {
        "owner": "numtide",
        "repo": "nix-filter",
        "type": "github"
      }
    },
    "nixpkgs": {
      "locked": {
        "lastModified": 1672791794,
        "narHash": "sha256-mqGPpGmwap0Wfsf3o2b6qHJW1w2kk/I6cGCGIU+3t6o=",
        "owner": "nixos",
        "repo": "nixpkgs",
        "rev": "9813adc7f7c0edd738c6bdd8431439688bb0cb3d",
        "type": "github"
      },
      "original": {
        "owner": "nixos",
        "ref": "nixos-unstable",
        "repo": "nixpkgs",
        "type": "github"
      }
    },
    "root": {
      "inputs": {
        "clash-compiler": "clash-compiler",
        "clash-wavedrom": "clash-wavedrom",
        "flake-compat": "flake-compat",
        "flake-utils": "flake-utils",
        "nix-filter": "nix-filter",
        "nixpkgs": "nixpkgs"
      }
    }
  },
  "root": "root",
  "version": 7
}
