{
  "nodes": {
    "clash-compiler": {
      "flake": false,
      "locked": {
        "lastModified": 1674640738,
        "narHash": "sha256-ICAqfbZkeqxVHqHoVMIUQ/kr63uN4rZhlbo3BorYEZU=",
        "owner": "clash-lang",
        "repo": "clash-compiler",
        "rev": "dadd0e2d23a736261d335e244e3c2b1fbaa5a493",
        "type": "github"
      },
      "original": {
        "owner": "clash-lang",
        "repo": "clash-compiler",
        "type": "github"
      }
    },
    "clash-utils": {
      "flake": false,
      "locked": {
        "lastModified": 1671354764,
        "narHash": "sha256-vlNWZF4YUCqWWDbeBaRvA/i52ghfQhCf1jG7IplugYE=",
        "owner": "adamwalker",
        "repo": "clash-utils",
        "rev": "a8f6363c4a9f926c847321ada8a7aada4b865262",
        "type": "github"
      },
      "original": {
        "owner": "adamwalker",
        "repo": "clash-utils",
        "type": "github"
      }
    },
    "flake-compat": {
      "flake": false,
      "locked": {
        "lastModified": 1673956053,
        "narHash": "sha256-4gtG9iQuiKITOjNQQeQIpoIB6b16fm+504Ch3sNKLd8=",
        "owner": "edolstra",
        "repo": "flake-compat",
        "rev": "35bb57c0c8d8b62bbfd284272c928ceb64ddbde9",
        "type": "github"
      },
      "original": {
        "owner": "edolstra",
        "repo": "flake-compat",
        "type": "github"
      }
    },
    "flake-utils": {
      "locked": {
        "lastModified": 1667395993,
        "narHash": "sha256-nuEHfE/LcWyuSWnS8t12N1wc105Qtau+/OdUAjtQ0rA=",
        "owner": "numtide",
        "repo": "flake-utils",
        "rev": "5aed5285a952e0b949eb3ba02c12fa4fcfef535f",
        "type": "github"
      },
      "original": {
        "owner": "numtide",
        "repo": "flake-utils",
        "type": "github"
      }
    },
    "nix-filter": {
      "locked": {
        "lastModified": 1666547822,
        "narHash": "sha256-razwnAybPHyoAyhkKCwXdxihIqJi1G6e1XP4FQOJTEs=",
        "owner": "numtide",
        "repo": "nix-filter",
        "rev": "1a3b735e13e90a8d2fd5629f2f8363bd7ffbbec7",
        "type": "github"
      },
      "original": {
        "owner": "numtide",
        "repo": "nix-filter",
        "type": "github"
      }
    },
    "nixpkgs": {
      "locked": {
        "lastModified": 1674641431,
        "narHash": "sha256-qfo19qVZBP4qn5M5gXc/h1MDgAtPA5VxJm9s8RUAkVk=",
        "owner": "nixos",
        "repo": "nixpkgs",
        "rev": "9b97ad7b4330aacda9b2343396eb3df8a853b4fc",
        "type": "github"
      },
      "original": {
        "owner": "nixos",
        "ref": "nixos-unstable",
        "repo": "nixpkgs",
        "type": "github"
      }
    },
    "root": {
      "inputs": {
        "clash-compiler": "clash-compiler",
        "clash-utils": "clash-utils",
        "flake-compat": "flake-compat",
        "flake-utils": "flake-utils",
        "nix-filter": "nix-filter",
        "nixpkgs": "nixpkgs"
      }
    }
  },
  "root": "root",
  "version": 7
}
